
Microsoft Visual Studio Solution File, Format Version 12.00
# Visual Studio Version 17
VisualStudioVersion = 17.6.33815.320
MinimumVisualStudioVersion = 10.0.40219.1
Project("{FAE04EC0-301F-11D3-BF4B-00C04F79EFBC}") = "Core", "Core\Core.csproj", "{C1974ADA-62A3-4AB9-A739-22F702C487D4}"
EndProject
Project("{FAE04EC0-301F-11D3-BF4B-00C04F79EFBC}") = "Repository", "Repository\Repository.csproj", "{A18CB855-8415-4DAA-81B1-8CE666437D87}"
EndProject
Project("{FAE04EC0-301F-11D3-BF4B-00C04F79EFBC}") = "Service", "Service\Service.csproj", "{287F8343-3596-432F-B5EC-BC23DE650DE3}"
EndProject
Project("{FAE04EC0-301F-11D3-BF4B-00C04F79EFBC}") = "WebAPI", "WebAPI\WebAPI.csproj", "{4707B261-D584-4BB3-A066-A2B1091F108C}"
EndProject
Project("{FAE04EC0-301F-11D3-BF4B-00C04F79EFBC}") = "WebMVC", "WebMVC\WebMVC.csproj", "{AA2C03B8-9CEA-413E-9F2A-62C3C998171D}"
EndProject
Project("{FAE04EC0-301F-11D3-BF4B-00C04F79EFBC}") = "Caching", "Caching\Caching.csproj", "{C6C9F20B-9524-462B-825F-54B1515A6BD6}"
EndProject
Global
	GlobalSection(SolutionConfigurationPlatforms) = preSolution
		Debug|Any CPU = Debug|Any CPU
		Release|Any CPU = Release|Any CPU
	EndGlobalSection
	GlobalSection(ProjectConfigurationPlatforms) = postSolution
		{C1974ADA-62A3-4AB9-A739-22F702C487D4}.Debug|Any CPU.ActiveCfg = Debug|Any CPU
		{C1974ADA-62A3-4AB9-A739-22F702C487D4}.Debug|Any CPU.Build.0 = Debug|Any CPU
		{C1974ADA-62A3-4AB9-A739-22F702C487D4}.Release|Any CPU.ActiveCfg = Release|Any CPU
		{C1974ADA-62A3-4AB9-A739-22F702C487D4}.Release|Any CPU.Build.0 = Release|Any CPU
		{A18CB855-8415-4DAA-81B1-8CE666437D87}.Debug|Any CPU.ActiveCfg = Debug|Any CPU
		{A18CB855-8415-4DAA-81B1-8CE666437D87}.Debug|Any CPU.Build.0 = Debug|Any CPU
		{A18CB855-8415-4DAA-81B1-8CE666437D87}.Release|Any CPU.ActiveCfg = Release|Any CPU
		{A18CB855-8415-4DAA-81B1-8CE666437D87}.Release|Any CPU.Build.0 = Release|Any CPU
		{287F8343-3596-432F-B5EC-BC23DE650DE3}.Debug|Any CPU.ActiveCfg = Debug|Any CPU
		{287F8343-3596-432F-B5EC-BC23DE650DE3}.Debug|Any CPU.Build.0 = Debug|Any CPU
		{287F8343-3596-432F-B5EC-BC23DE650DE3}.Release|Any CPU.ActiveCfg = Release|Any CPU
		{287F8343-3596-432F-B5EC-BC23DE650DE3}.Release|Any CPU.Build.0 = Release|Any CPU
		{4707B261-D584-4BB3-A066-A2B1091F108C}.Debug|Any CPU.ActiveCfg = Debug|Any CPU
		{4707B261-D584-4BB3-A066-A2B1091F108C}.Debug|Any CPU.Build.0 = Debug|Any CPU
		{4707B261-D584-4BB3-A066-A2B1091F108C}.Release|Any CPU.ActiveCfg = Release|Any CPU
		{4707B261-D584-4BB3-A066-A2B1091F108C}.Release|Any CPU.Build.0 = Release|Any CPU
		{AA2C03B8-9CEA-413E-9F2A-62C3C998171D}.Debug|Any CPU.ActiveCfg = Debug|Any CPU
		{AA2C03B8-9CEA-413E-9F2A-62C3C998171D}.Debug|Any CPU.Build.0 = Debug|Any CPU
		{AA2C03B8-9CEA-413E-9F2A-62C3C998171D}.Release|Any CPU.ActiveCfg = Release|Any CPU
		{AA2C03B8-9CEA-413E-9F2A-62C3C998171D}.Release|Any CPU.Build.0 = Release|Any CPU
		{C6C9F20B-9524-462B-825F-54B1515A6BD6}.Debug|Any CPU.ActiveCfg = Debug|Any CPU
		{C6C9F20B-9524-462B-825F-54B1515A6BD6}.Debug|Any CPU.Build.0 = Debug|Any CPU
		{C6C9F20B-9524-462B-825F-54B1515A6BD6}.Release|Any CPU.ActiveCfg = Release|Any CPU
		{C6C9F20B-9524-462B-825F-54B1515A6BD6}.Release|Any CPU.Build.0 = Release|Any CPU
	EndGlobalSection
	GlobalSection(SolutionProperties) = preSolution
		HideSolutionNode = FALSE
	EndGlobalSection
	GlobalSection(ExtensibilityGlobals) = postSolution
		SolutionGuid = {2733D0E5-CEED-4373-B8F9-0692EFDF347F}
	EndGlobalSection
EndGlobal
